github.com/dgrijalva/jwt-go v3.2.0+incompatible h1:7qlOGliEKZXTDg6OTjfoBKDXWrumCAMpl/TFQ4/5kLM=
github.com/dgrijalva/jwt-go v3.2.0+incompatible/go.mod h1:E3ru+11k8xSBh+hMPgOLZmtrrCbhqsmaPHjLKYnJCaQ=
github.com/google/uuid v1.3.0 h1:t6JiXgmwXMjEs8VusXIJk2BXHsn+wx8BZdTaoZ5fu7I=
github.com/google/uuid v1.3.0/go.mod h1:TIyPZe4MgqvfeYDBFedMoGGpEw/LqOeaOT+nhxU+yHo=
github.com/jinzhu/inflection v1.0.0 h1:K317FqzuhWc8YvSVlFMCCUb36O/S9MCKRDI7QkRKD/E=
github.com/jinzhu/inflection v1.0.0/go.mod h1:h+uFLlag+Qp1Va5pdKtLDYj+kHp5pxUVkryuEj+Srlc=
github.com/jinzhu/now v1.1.5 h1:/o9tlHleP7gOFmsnYNz3RGnqzefHA47wQpKrrdTIwXQ=
github.com/jinzhu/now v1.1.5/go.mod h1:d3SSVoowX0Lcu0IBviAWJpolVfI5UJVZZ7cO71lE/z8=
github.com/joho/godotenv v1.5.1 h1:7eLL/+HRGLY0ldzfGMeQkb7vMd0as4CfYvUVzLqw0N0=
github.com/joho/godotenv v1.5.1/go.mod h1:f4LDr5Voq0i2e/R5DDNOoa2zzDfwtkZa6DnEwAbqwq4=
github.com/kardianos/service v1.2.2 h1:ZvePhAHfvo0A7Mftk/tEzqEZ7Q4lgnR8sGz4xu1YX60=
github.com/kardianos/service v1.2.2/go.mod h1:CIMRFEJVL+0DS1a3Nx06NaMn4Dz63Ng6O7dl0qH0zVM=
github.com/lib/pq v1.10.9 h1:YXG7RB+JIjhP29X+OtkiDnYaXQwpS4JEWq7dtCCRUEw=
github.com/lib/pq v1.10.9/go.mod h1:AlVN5x4E4T544tWzH6hKfbfQvm3HdbOxrmggDNAPY9o=
github.com/sijms/go-ora/v2 v2.7.6 h1:QyR1CKFxG+VVk2+LdHoHF4NxDSvcQ3deBXtZCrahSq4=
github.com/sijms/go-ora/v2 v2.7.6/go.mod h1:EHxlY6x7y9HAsdfumurRfTd+v8NrEOTR3Xl4FWlH6xk=
golang.org/x/sys v0.0.0-20201015000850-e3ed0017c211 h1:9UQO31fZ+0aKQOFldThf7BKPMJTiBfWycGh/u3UoO88=
golang.org/x/sys v0.0.0-20201015000850-e3ed0017c211/go.mod h1:h1NjWce9XRLGQEsW7wpKNCjG9DtNlClVuFLEZdDNbEs=
gorm.io/gorm v1.25.1 h1:nsSALe5Pr+cM3V1qwwQ7rOkw+6UeLrX5O4v3llhHa64=
gorm.io/gorm v1.25.1/go.mod h1:L4uxeKpfBml98NYqVqwAdmV1a2nBtAec/cf3fpucW/k=
