
github.com/araddon/dateparse v0.0.0-20210429162001-6b43995a97de h1:FxWPpzIjnTlhPwqqXc4/vE0f7GvRjuAsbW+HOIe8KnA=
github.com/araddon/dateparse v0.0.0-20210429162001-6b43995a97de/go.mod h1:DCaWoUhZrYW9p1lxo/cm8EmUOOzAPSEZNGF2DK1dJgw=
github.com/blastrain/vitess-sqlparser v0.0.0-20201030050434-a139afbb1aba h1:hBK2BWzm0OzYZrZy9yzvZZw59C5Do4/miZ8FhEwd5P8=
github.com/blastrain/vitess-sqlparser v0.0.0-20201030050434-a139afbb1aba/go.mod h1:FGQp+RNQwVmLzDq6HBrYCww9qJQyNwH9Qji/quTQII4=
github.com/davecgh/go-spew v1.1.0/go.mod h1:J7Y8YcW2NihsgmVo/mv3lAwl/skON4iLHjSsI+c5H38=
github.com/davecgh/go-spew v1.1.1 h1:vj9j/u1bqnvCEfJOwUhtlOARqs3+rkHYY13jYWTU97c=
github.com/davecgh/go-spew v1.1.1/go.mod h1:J7Y8YcW2NihsgmVo/mv3lAwl/skON4iLHjSsI+c5H38=
github.com/google/uuid v1.6.0 h1:NIvaJDMOsjHA8n1jAhLSgzrAzy1Hgr+hNrb57e+94F0=
github.com/google/uuid v1.6.0/go.mod h1:TIyPZe4MgqvfeYDBFedMoGGpEw/LqOeaOT+nhxU+yHo=
github.com/gorilla/websocket v1.5.3 h1:saDtZ6Pbx/0u+bgYQ3q96pZgCzfhKXGPqt7kZ72aNNg=
github.com/gorilla/websocket v1.5.3/go.mod h1:YR8l580nyteQvAITg2hZ9XVh4b55+EU/adAjf1fMHhE=
github.com/jackc/pgpassfile v1.0.0 h1:/6Hmqy13Ss2zCq62VdNG8tM1wchn8zjSGOBJ6icpsIM=
github.com/jackc/pgpassfile v1.0.0/go.mod h1:CEx0iS5ambNFdcRtxPj5JhEz+xB6uRky5eyVu/W2HEg=
github.com/jackc/pgservicefile v0.0.0-20240606120523-5a60cdf6a761 h1:iCEnooe7UlwOQYpKFhBabPMi4aNAfoODPEFNiAnClxo=
github.com/jackc/pgservicefile v0.0.0-20240606120523-5a60cdf6a761/go.mod h1:5TJZWKEWniPve33vlWYSoGYefn3gLQRzjfDlhSJ9ZKM=
github.com/jackc/pgx/v5 v5.7.6 h1:rWQc5FwZSPX58r1OQmkuaNicxdmExaEz5A2DO2hUuTk=
github.com/jackc/pgx/v5 v5.7.6/go.mod h1:aruU7o91Tc2q2cFp5h4uP3f6ztExVpyVv88Xl/8Vl8M=
github.com/jackc/puddle/v2 v2.2.2 h1:PR8nw+E/1w0GLuRFSmiioY6UooMp6KJv0/61nB7icHo=
github.com/jackc/puddle/v2 v2.2.2/go.mod h1:vriiEXHvEE654aYKXXjOvZM39qJ0q+azkZFrfEOc3H4=
github.com/joho/godotenv v1.5.1 h1:7eLL/+HRGLY0ldzfGMeQkb7vMd0as4CfYvUVzLqw0N0=
github.com/joho/godotenv v1.5.1/go.mod h1:f4LDr5Voq0i2e/R5DDNOoa2zzDfwtkZa6DnEwAbqwq4=
github.com/juju/errors v0.0.0-20170703010042-c7d06af17c68 h1:d2hBkTvi7B89+OXY8+bBBshPlc+7JYacGrG/dFak8SQ=
github.com/juju/errors v0.0.0-20170703010042-c7d06af17c68/go.mod h1:W54LbzXuIE0boCoNJfwqpmkKJ1O4TCTZMetAt6jGk7Q=
github.com/juju/loggo v0.0.0-20190526231331-6e530bcce5d8 h1:UUHMLvzt/31azWTN/ifGWef4WUqvXk0iRqdhdy/2uzI=
github.com/juju/loggo v0.0.0-20190526231331-6e530bcce5d8/go.mod h1:vgyd7OREkbtVEN/8IXZe5Ooef3LQePvuBm9UWj6ZL8U=
github.com/juju/testing v0.0.0-20191001232224-ce9dec17d28b h1:Rrp0ByJXEjhREMPGTt3aWYjoIsUGCbt21ekbeJcTWv0=
github.com/juju/testing v0.0.0-20191001232224-ce9dec17d28b/go.mod h1:63prj8cnj0tU0S9OHjGJn+b1h0ZghCndfnbQolrYTwA=
github.com/kardianos/service v1.2.4 h1:XNlGtZOYNx2u91urOdg/Kfmc+gfmuIo1Dd3rEi2OgBk=
github.com/kardianos/service v1.2.4/go.mod h1:E4V9ufUuY82F7Ztlu1eN9VXWIQxg8NoLQlmFe0MtrXc=
github.com/kr/pretty v0.2.0/go.mod h1:ipq/a2n7PKx3OHsz4KJII5eveXtPO4qwEXGdVfWzfnI=
github.com/kr/pretty v0.3.0 h1:WgNl7dwNpEZ6jJ9k1snq4pZsg7DOEN8hP9Xw0Tsjwk0=
github.com/kr/pretty v0.3.0/go.mod h1:640gp4NfQd8pI5XOwp5fnNeVWj67G7CFk/SaSQn7NBk=
github.com/kr/pty v1.1.1/go.mod h1:pFQYn66WHrOpPYNljwOMqo10TkYh1fy3cYio2l3bCsQ=
github.com/kr/text v0.1.0 h1:45sCR5RtlFHMR4UwH9sdQ5TC8v0qDQCHnXt+kaKSTVE=
github.com/kr/text v0.1.0/go.mod h1:4Jbv+DJW3UT/LiOwJeYQe1efqtUx/iVham/4vfdArNI=
github.com/lib/pq v1.10.9 h1:YXG7RB+JIjhP29X+OtkiDnYaXQwpS4JEWq7dtCCRUEw=
github.com/lib/pq v1.10.9/go.mod h1:AlVN5x4E4T544tWzH6hKfbfQvm3HdbOxrmggDNAPY9o=
github.com/mattn/go-runewidth v0.0.10/go.mod h1:RAqKPSqVFrSLVXbA8x7dzmKdmGzieGRCM46jaSJTDAk=
github.com/pmezard/go-difflib v1.0.0 h1:4DBwDE0NGyQoBHbLQYPwSUPoCMWR5BEzIk/f1lZbAQM=
github.com/pmezard/go-difflib v1.0.0/go.mod h1:iKH77koFhYxTK1pcRnkKkqfTogsbg7gZNVY4sRDYZ/4=
github.com/rivo/uniseg v0.1.0/go.mod h1:J6wj4VEh+S6ZtnVlnTBMWIodfgj8LQOQFoIToxlJtxc=
github.com/rogpeppe/go-internal v1.14.1 h1:UQB4HGPB6osV0SQTLymcB4TgvyWu6ZyliaW0tI/otEQ=
github.com/rogpeppe/go-internal v1.14.1/go.mod h1:MaRKkUm5W0goXpeCfT7UZI6fk/L7L7so1lCWt35ZSgc=
github.com/scylladb/termtables v0.0.0-20191203121021-c4c0b6d42ff4/go.mod h1:C1a7PQSMz9NShzorzCiG2fk9+xuCgLkPeCvMHYR2OWg=
github.com/sijms/go-ora/v2 v2.9.0 h1:+iQbUeTeCOFMb5BsOMgUhV8KWyrv9yjKpcK4x7+MFrg=
github.com/sijms/go-ora/v2 v2.9.0/go.mod h1:QgFInVi3ZWyqAiJwzBQA+nbKYKH77tdp1PYoCqhR2dU=
github.com/skip2/go-qrcode v0.0.0-20200617195104-da1b6568686e h1:MRM5ITcdelLK2j1vwZ3Je0FKVCfqOLp5zO6trqMLYs0=
github.com/skip2/go-qrcode v0.0.0-20200617195104-da1b6568686e/go.mod h1:XV66xRDqSt+GTGFMVlhk3ULuV0y9ZmzeVGR4mloJI3M=
github.com/stretchr/objx v0.1.0/go.mod h1:HFkY916IF+rwdDfMAkV7OtwuqBVzrE8GR6GFx+wExME=
github.com/stretchr/testify v1.3.0/go.mod h1:M5WIy9Dh21IEIfnGCwXGc5bZfKNJtfHm1UVUgZn+9EI=
github.com/stretchr/testify v1.7.0/go.mod h1:6Fq8oRcR53rry900zMqJjRRixrwX3KX962/h/Wwjteg=
github.com/stretchr/testify v1.8.1 h1:w7B6lhMri9wdJUVmEZPGGhZzrYTPvgJArz7wNPgYKsk=
github.com/stretchr/testify v1.8.1/go.mod h1:w2LPCIKwWwSfY2zedu0+kehJoqGctiVI29o6fzry7u4=
golang.org/x/crypto v0.41.0 h1:WKYxWedPGCTVVl5+WHSSrOBT0O8lx32+zxmHxijgXp4=
golang.org/x/crypto v0.41.0/go.mod h1:pO5AFd7FA68rFak7rOAGVuygIISepHftHnr8dr6+sUc=
golang.org/x/sync v0.16.0 h1:ycBJEhp9p4vXvUZNszeOq0kGTPghopOL8q0fq3vstxw=
golang.org/x/sync v0.16.0/go.mod h1:1dzgHSNfp02xaA81J2MS99Qcpr2w7fw1gpm99rleRqA=
golang.org/x/sys v0.35.0 h1:vz1N37gP5bs89s7He8XuIYXpyY0+QlsKmzipCbUtyxI=
golang.org/x/sys v0.35.0/go.mod h1:BJP2sWEmIv4KK5OTEluFJCKSidICx8ciO85XgH3Ak8k=
golang.org/x/text v0.0.0-20180302201248-b7ef84aaf62a/go.mod h1:NqM8EUOU14njkJ3fqMW+pc6Ldnwhi/IjpwHt7yyuwOQ=
golang.org/x/text v0.28.0 h1:rhazDwis8INMIwQ4tpjLDzUhx6RlXqZNPEM0huQojng=
golang.org/x/text v0.28.0/go.mod h1:U8nCwOR8jO/marOQ0QbDiOngZVEBB7MAiitBuMjXiNU=
gopkg.in/alexcesaro/quotedprintable.v3 v3.0.0-20150716171945-2caba252f4dc h1:2gGKlE2+asNV9m7xrywl36YYNnBG5ZQ0r/BOOxqPpmk=
gopkg.in/alexcesaro/quotedprintable.v3 v3.0.0-20150716171945-2caba252f4dc/go.mod h1:m7x9LTH6d71AHyAX77c9yqWCCa3UKHcVEj9y7hAtKDk=
gopkg.in/check.v1 v0.0.0-20161208181325-20d25e280405/go.mod h1:Co6ibVJAznAaIkqp8huTwlJQCZ016jof/cbN4VW5Yz0=
gopkg.in/check.v1 v1.0.0-20190902080502-41f04d3bba15/go.mod h1:Co6ibVJAznAaIkqp8huTwlJQCZ016jof/cbN4VW5Yz0=
gopkg.in/check.v1 v1.0.0-20201130134442-10cb98267c6c h1:Hei/4ADfdWqJk1ZMxUNpqntNwaWcugrBjAiHlqqRiVk=
gopkg.in/check.v1 v1.0.0-20201130134442-10cb98267c6c/go.mod h1:JHkPIbrfpd72SG/EVd6muEfDQjcINNoR0C8j2r3qZ4Q=
gopkg.in/mgo.v2 v2.0.0-20190816093944-a6b53ec6cb22 h1:VpOs+IwYnYBaFnrNAeB8UUWtL3vEUnzSCL1nVjPhqrw=
gopkg.in/mgo.v2 v2.0.0-20190816093944-a6b53ec6cb22/go.mod h1:yeKp02qBN3iKW1OzL3MGk2IdtZzaj7SFntXj72NppTA=
gopkg.in/yaml.v2 v2.2.8 h1:obN1ZagJSUGI0Ek/LBmuj4SNLPfIny3KsKFopxRdj10=
gopkg.in/yaml.v2 v2.2.8/go.mod h1:hI93XBmqTisBFMUTm0b8Fm+jr3Dg1NNxqwp+5A1VGuI=
gopkg.in/yaml.v3 v3.0.0-20200313102051-9f266ea9e77c/go.mod h1:K4uyk7z7BCEPqu6E+C64Yfv1cQ7kz7rIZviUmN+EgEM=
gopkg.in/yaml.v3 v3.0.1 h1:fxVm/GzAzEWqLHuvctI91KS9hhNmmWOoWu0XTYJS7CA=
gopkg.in/yaml.v3 v3.0.1/go.mod h1:K4uyk7z7BCEPqu6E+C64Yfv1cQ7kz7rIZviUmN+EgEM=
